
Microsoft Visual Studio Solution File, Format Version 12.00
# Visual Studio Version 17
VisualStudioVersion = 17.8.34511.84
MinimumVisualStudioVersion = 10.0.40219.1
Project("{FAE04EC0-301F-11D3-BF4B-00C04F79EFBC}") = "Return_entrada_discoteca", "Return_entrada_discoteca.csproj", "{C2D80789-831B-4911-A47E-A70D39AC610E}"
EndProject
Global
	GlobalSection(SolutionConfigurationPlatforms) = preSolution
		Debug|Any CPU = Debug|Any CPU
		Release|Any CPU = Release|Any CPU
	EndGlobalSection
	GlobalSection(ProjectConfigurationPlatforms) = postSolution
		{C2D80789-831B-4911-A47E-A70D39AC610E}.Debug|Any CPU.ActiveCfg = Debug|Any CPU
		{C2D80789-831B-4911-A47E-A70D39AC610E}.Debug|Any CPU.Build.0 = Debug|Any CPU
		{C2D80789-831B-4911-A47E-A70D39AC610E}.Release|Any CPU.ActiveCfg = Release|Any CPU
		{C2D80789-831B-4911-A47E-A70D39AC610E}.Release|Any CPU.Build.0 = Release|Any CPU
	EndGlobalSection
	GlobalSection(SolutionProperties) = preSolution
		HideSolutionNode = FALSE
	EndGlobalSection
	GlobalSection(ExtensibilityGlobals) = postSolution
		SolutionGuid = {B302078B-B2E0-4DC3-A65E-80F43B448763}
	EndGlobalSection
EndGlobal
